// !$*UTF8*$!
{
	archiveVersion = 1;
	classes = {
	};
	objectVersion = 50;
	objects = {

/* Begin PBXBuildFile section */
		5AB8650A211FF7320044AFFA /* AppDelegate.swift in Sources */ = {isa = PBXBuildFile; fileRef = 5AB86509211FF7320044AFFA /* AppDelegate.swift */; };
		5AB8650C211FF7320044AFFA /* ViewController.swift in Sources */ = {isa = PBXBuildFile; fileRef = 5AB8650B211FF7320044AFFA /* ViewController.swift */; };
		5AB8650F211FF7320044AFFA /* Main.storyboard in Resources */ = {isa = PBXBuildFile; fileRef = 5AB8650D211FF7320044AFFA /* Main.storyboard */; };
		5AB86511211FF7330044AFFA /* Assets.xcassets in Resources */ = {isa = PBXBuildFile; fileRef = 5AB86510211FF7330044AFFA /* Assets.xcassets */; };
		5AB86514211FF7330044AFFA /* LaunchScreen.storyboard in Resources */ = {isa = PBXBuildFile; fileRef = 5AB86512211FF7330044AFFA /* LaunchScreen.storyboard */; };
		5AB8651C211FF9CB0044AFFA /* LearningViewController.swift in Sources */ = {isa = PBXBuildFile; fileRef = 5AB8651B211FF9CB0044AFFA /* LearningViewController.swift */; };
		5AB8651E212001740044AFFA /* Inceptionv3.mlmodel in Sources */ = {isa = PBXBuildFile; fileRef = 5AB8651D212001740044AFFA /* Inceptionv3.mlmodel */; };
		5AB8652021200A630044AFFA /* ResultsViewController.swift in Sources */ = {isa = PBXBuildFile; fileRef = 5AB8651F21200A630044AFFA /* ResultsViewController.swift */; };
/* End PBXBuildFile section */

/* Begin PBXFileReference section */
		5AB86506211FF7320044AFFA /* MachineLearningDemo.app */ = {isa = PBXFileReference; explicitFileType = wrapper.application; includeInIndex = 0; path = MachineLearningDemo.app; sourceTree = BUILT_PRODUCTS_DIR; };
		5AB86509211FF7320044AFFA /* AppDelegate.swift */ = {isa = PBXFileReference; lastKnownFileType = sourcecode.swift; path = AppDelegate.swift; sourceTree = "<group>"; };
		5AB8650B211FF7320044AFFA /* ViewController.swift */ = {isa = PBXFileReference; lastKnownFileType = sourcecode.swift; path = ViewController.swift; sourceTree = "<group>"; };
		5AB8650E211FF7320044AFFA /* Base */ = {isa = PBXFileReference; lastKnownFileType = file.storyboard; name = Base; path = Base.lproj/Main.storyboard; sourceTree = "<group>"; };
		5AB86510211FF7330044AFFA /* Assets.xcassets */ = {isa = PBXFileReference; lastKnownFileType = folder.assetcatalog; path = Assets.xcassets; sourceTree = "<group>"; };
		5AB86513211FF7330044AFFA /* Base */ = {isa = PBXFileReference; lastKnownFileType = file.storyboard; name = Base; path = Base.lproj/LaunchScreen.storyboard; sourceTree = "<group>"; };
		5AB86515211FF7330044AFFA /* Info.plist */ = {isa = PBXFileReference; lastKnownFileType = text.plist.xml; path = Info.plist; sourceTree = "<group>"; };
		5AB8651B211FF9CB0044AFFA /* LearningViewController.swift */ = {isa = PBXFileReference; lastKnownFileType = sourcecode.swift; path = LearningViewController.swift; sourceTree = "<group>"; };
		5AB8651D212001740044AFFA /* Inceptionv3.mlmodel */ = {isa = PBXFileReference; lastKnownFileType = file.mlmodel; path = Inceptionv3.mlmodel; sourceTree = "<group>"; };
		5AB8651F21200A630044AFFA /* ResultsViewController.swift */ = {isa = PBXFileReference; lastKnownFileType = sourcecode.swift; path = ResultsViewController.swift; sourceTree = "<group>"; };
/* End PBXFileReference section */

/* Begin PBXFrameworksBuildPhase section */
		5AB86503211FF7320044AFFA /* Frameworks */ = {
			isa = PBXFrameworksBuildPhase;
			buildActionMask = 2147483647;
			files = (
			);
			runOnlyForDeploymentPostprocessing = 0;
		};
/* End PBXFrameworksBuildPhase section */

/* Begin PBXGroup section */
		5AB864FD211FF7320044AFFA = {
			isa = PBXGroup;
			children = (
				5AB86508211FF7320044AFFA /* MachineLearningDemo */,
				5AB86507211FF7320044AFFA /* Products */,
			);
			sourceTree = "<group>";
		};
		5AB86507211FF7320044AFFA /* Products */ = {
			isa = PBXGroup;
			children = (
				5AB86506211FF7320044AFFA /* MachineLearningDemo.app */,
			);
			name = Products;
			sourceTree = "<group>";
		};
		5AB86508211FF7320044AFFA /* MachineLearningDemo */ = {
			isa = PBXGroup;
			children = (
				5AB86509211FF7320044AFFA /* AppDelegate.swift */,
				5AB8650B211FF7320044AFFA /* ViewController.swift */,
				5AB8650D211FF7320044AFFA /* Main.storyboard */,
				5AB86510211FF7330044AFFA /* Assets.xcassets */,
				5AB86512211FF7330044AFFA /* LaunchScreen.storyboard */,
				5AB86515211FF7330044AFFA /* Info.plist */,
				5AB8651B211FF9CB0044AFFA /* LearningViewController.swift */,
				5AB8651D212001740044AFFA /* Inceptionv3.mlmodel */,
				5AB8651F21200A630044AFFA /* ResultsViewController.swift */,
			);
			path = MachineLearningDemo;
			sourceTree = "<group>";
		};
/* End PBXGroup section */

/* Begin PBXNativeTarget section */
		5AB86505211FF7320044AFFA /* MachineLearningDemo */ = {
			isa = PBXNativeTarget;
			buildConfigurationList = 5AB86518211FF7330044AFFA /* Build configuration list for PBXNativeTarget "MachineLearningDemo" */;
			buildPhases = (
				5AB86502211FF7320044AFFA /* Sources */,
				5AB86503211FF7320044AFFA /* Frameworks */,
				5AB86504211FF7320044AFFA /* Resources */,
			);
			buildRules = (
			);
			dependencies = (
			);
			name = MachineLearningDemo;
			productName = MachineLearningDemo;
			productReference = 5AB86506211FF7320044AFFA /* MachineLearningDemo.app */;
			productType = "com.apple.product-type.application";
		};
/* End PBXNativeTarget section */

/* Begin PBXProject section */
		5AB864FE211FF7320044AFFA /* Project object */ = {
			isa = PBXProject;
			attributes = {
				LastSwiftUpdateCheck = 0930;
				LastUpgradeCheck = 0930;
				ORGANIZATIONNAME = Azim;
				TargetAttributes = {
					5AB86505211FF7320044AFFA = {
						CreatedOnToolsVersion = 9.3;
					};
				};
			};
			buildConfigurationList = 5AB86501211FF7320044AFFA /* Build configuration list for PBXProject "MachineLearningDemo" */;
			compatibilityVersion = "Xcode 9.3";
			developmentRegion = en;
			hasScannedForEncodings = 0;
			knownRegions = (
				en,
				Base,
			);
			mainGroup = 5AB864FD211FF7320044AFFA;
			productRefGroup = 5AB86507211FF7320044AFFA /* Products */;
			projectDirPath = "";
			projectRoot = "";
			targets = (
				5AB86505211FF7320044AFFA /* MachineLearningDemo */,
			);
		};
/* End PBXProject section */

/* Begin PBXResourcesBuildPhase section */
		5AB86504211FF7320044AFFA /* Resources */ = {
			isa = PBXResourcesBuildPhase;
			buildActionMask = 2147483647;
			files = (
				5AB86514211FF7330044AFFA /* LaunchScreen.storyboard in Resources */,
				5AB86511211FF7330044AFFA /* Assets.xcassets in Resources */,
				5AB8650F211FF7320044AFFA /* Main.storyboard in Resources */,
			);
			runOnlyForDeploymentPostprocessing = 0;
		};
/* End PBXResourcesBuildPhase section */

/* Begin PBXSourcesBuildPhase section */
		5AB86502211FF7320044AFFA /* Sources */ = {
			isa = PBXSourcesBuildPhase;
			buildActionMask = 2147483647;
			files = (
				5AB8651C211FF9CB0044AFFA /* LearningViewController.swift in Sources */,
				5AB8651E212001740044AFFA /* Inceptionv3.mlmodel in Sources */,
				5AB8650C211FF7320044AFFA /* ViewController.swift in Sources */,
				5AB8652021200A630044AFFA /* ResultsViewController.swift in Sources */,
				5AB8650A211FF7320044AFFA /* AppDelegate.swift in Sources */,
			);
			runOnlyForDeploymentPostprocessing = 0;
		};
/* End PBXSourcesBuildPhase section */

/* Begin PBXVariantGroup section */
		5AB8650D211FF7320044AFFA /* Main.storyboard */ = {
			isa = PBXVariantGroup;
			children = (
				5AB8650E211FF7320044AFFA /* Base */,
			);
			name = Main.storyboard;
			sourceTree = "<group>";
		};
		5AB86512211FF7330044AFFA /* LaunchScreen.storyboard */ = {
			isa = PBXVariantGroup;
			children = (
				5AB86513211FF7330044AFFA /* Base */,
			);
			name = LaunchScreen.storyboard;
			sourceTree = "<group>";
		};
/* End PBXVariantGroup section */

/* Begin XCBuildConfiguration section */
		5AB86516211FF7330044AFFA /* Debug */ = {
			isa = XCBuildConfiguration;
			buildSettings = {
				ALWAYS_SEARCH_USER_PATHS = NO;
				CLANG_ANALYZER_NONNULL = YES;
				CLANG_ANALYZER_NUMBER_OBJECT_CONVERSION = YES_AGGRESSIVE;
				CLANG_CXX_LANGUAGE_STANDARD = "gnu++14";
				CLANG_CXX_LIBRARY = "libc++";
				CLANG_ENABLE_MODULES = YES;
				CLANG_ENABLE_OBJC_ARC = YES;
				CLANG_ENABLE_OBJC_WEAK = YES;
				CLANG_WARN_BLOCK_CAPTURE_AUTORELEASING = YES;
				CLANG_WARN_BOOL_CONVERSION = YES;
				CLANG_WARN_COMMA = YES;
				CLANG_WARN_CONSTANT_CONVERSION = YES;
				CLANG_WARN_DEPRECATED_OBJC_IMPLEMENTATIONS = YES;
				CLANG_WARN_DIRECT_OBJC_ISA_USAGE = YES_ERROR;
				CLANG_WARN_DOCUMENTATION_COMMENTS = YES;
				CLANG_WARN_EMPTY_BODY = YES;
				CLANG_WARN_ENUM_CONVERSION = YES;
				CLANG_WARN_INFINITE_RECURSION = YES;
				CLANG_WARN_INT_CONVERSION = YES;
				CLANG_WARN_NON_LITERAL_NULL_CONVERSION = YES;
				CLANG_WARN_OBJC_IMPLICIT_RETAIN_SELF = YES;
				CLANG_WARN_OBJC_LITERAL_CONVERSION = YES;
				CLANG_WARN_OBJC_ROOT_CLASS = YES_ERROR;
				CLANG_WARN_RANGE_LOOP_ANALYSIS = YES;
				CLANG_WARN_STRICT_PROTOTYPES = YES;
				CLANG_WARN_SUSPICIOUS_MOVE = YES;
				CLANG_WARN_UNGUARDED_AVAILABILITY = YES_AGGRESSIVE;
				CLANG_WARN_UNREACHABLE_CODE = YES;
				CLANG_WARN__DUPLICATE_METHOD_MATCH = YES;
				CODE_SIGN_IDENTITY = "iPhone Developer";
				COPY_PHASE_STRIP = NO;
				DEBUG_INFORMATION_FORMAT = dwarf;
				ENABLE_STRICT_OBJC_MSGSEND = YES;
				ENABLE_TESTABILITY = YES;
				GCC_C_LANGUAGE_STANDARD = gnu11;
				GCC_DYNAMIC_NO_PIC = NO;
				GCC_NO_COMMON_BLOCKS = YES;
				GCC_OPTIMIZATION_LEVEL = 0;
				GCC_PREPROCESSOR_DEFINITIONS = (
					"DEBUG=1",
					"$(inherited)",
				);
				GCC_WARN_64_TO_32_BIT_CONVERSION = YES;
				GCC_WARN_ABOUT_RETURN_TYPE = YES_ERROR;
				GCC_WARN_UNDECLARED_SELECTOR = YES;
				GCC_WARN_UNINITIALIZED_AUTOS = YES_AGGRESSIVE;
				GCC_WARN_UNUSED_FUNCTION = YES;
				GCC_WARN_UNUSED_VARIABLE = YES;
				IPHONEOS_DEPLOYMENT_TARGET = 11.3;
				MTL_ENABLE_DEBUG_INFO = YES;
				ONLY_ACTIVE_ARCH = YES;
				SDKROOT = iphoneos;
				SWIFT_ACTIVE_COMPILATION_CONDITIONS = DEBUG;
				SWIFT_OPTIMIZATION_LEVEL = "-Onone";
			};
			name = Debug;
		};
		5AB86517211FF7330044AFFA /* Release */ = {
			isa = XCBuildConfiguration;
			buildSettings = {
				ALWAYS_SEARCH_USER_PATHS = NO;
				CLANG_ANALYZER_NONNULL = YES;
				CLANG_ANALYZER_NUMBER_OBJECT_CONVERSION = YES_AGGRESSIVE;
				CLANG_CXX_LANGUAGE_STANDARD = "gnu++14";
				CLANG_CXX_LIBRARY = "libc++";
				CLANG_ENABLE_MODULES = YES;
				CLANG_ENABLE_OBJC_ARC = YES;
				CLANG_ENABLE_OBJC_WEAK = YES;
				CLANG_WARN_BLOCK_CAPTURE_AUTORELEASING = YES;
				CLANG_WARN_BOOL_CONVERSION = YES;
				CLANG_WARN_COMMA = YES;
				CLANG_WARN_CONSTANT_CONVERSION = YES;
				CLANG_WARN_DEPRECATED_OBJC_IMPLEMENTATIONS = YES;
				CLANG_WARN_DIRECT_OBJC_ISA_USAGE = YES_ERROR;
				CLANG_WARN_DOCUMENTATION_COMMENTS = YES;
				CLANG_WARN_EMPTY_BODY = YES;
				CLANG_WARN_ENUM_CONVERSION = YES;
				CLANG_WARN_INFINITE_RECURSION = YES;
				CLANG_WARN_INT_CONVERSION = YES;
				CLANG_WARN_NON_LITERAL_NULL_CONVERSION = YES;
				CLANG_WARN_OBJC_IMPLICIT_RETAIN_SELF = YES;
				CLANG_WARN_OBJC_LITERAL_CONVERSION = YES;
				CLANG_WARN_OBJC_ROOT_CLASS = YES_ERROR;
				CLANG_WARN_RANGE_LOOP_ANALYSIS = YES;
				CLANG_WARN_STRICT_PROTOTYPES = YES;
				CLANG_WARN_SUSPICIOUS_MOVE = YES;
				CLANG_WARN_UNGUARDED_AVAILABILITY = YES_AGGRESSIVE;
				CLANG_WARN_UNREACHABLE_CODE = YES;
				CLANG_WARN__DUPLICATE_METHOD_MATCH = YES;
				CODE_SIGN_IDENTITY = "iPhone Developer";
				COPY_PHASE_STRIP = NO;
				DEBUG_INFORMATION_FORMAT = "dwarf-with-dsym";
				ENABLE_NS_ASSERTIONS = NO;
				ENABLE_STRICT_OBJC_MSGSEND = YES;
				GCC_C_LANGUAGE_STANDARD = gnu11;
				GCC_NO_COMMON_BLOCKS = YES;
				GCC_WARN_64_TO_32_BIT_CONVERSION = YES;
				GCC_WARN_ABOUT_RETURN_TYPE = YES_ERROR;
				GCC_WARN_UNDECLARED_SELECTOR = YES;
				GCC_WARN_UNINITIALIZED_AUTOS = YES_AGGRESSIVE;
				GCC_WARN_UNUSED_FUNCTION = YES;
				GCC_WARN_UNUSED_VARIABLE = YES;
				IPHONEOS_DEPLOYMENT_TARGET = 11.3;
				MTL_ENABLE_DEBUG_INFO = NO;
				SDKROOT = iphoneos;
				SWIFT_COMPILATION_MODE = wholemodule;
				SWIFT_OPTIMIZATION_LEVEL = "-O";
				VALIDATE_PRODUCT = YES;
			};
			name = Release;
		};
		5AB86519211FF7330044AFFA /* Debug */ = {
			isa = XCBuildConfiguration;
			buildSettings = {
				ASSETCATALOG_COMPILER_APPICON_NAME = AppIcon;
				CODE_SIGN_STYLE = Automatic;
				DEVELOPMENT_TEAM = 8MD327JZ9W;
				INFOPLIST_FILE = MachineLearningDemo/Info.plist;
				LD_RUNPATH_SEARCH_PATHS = (
					"$(inherited)",
					"@executable_path/Frameworks",
				);
				PRODUCT_BUNDLE_IDENTIFIER = com.genextstudents.MachineLearningDemo;
				PRODUCT_NAME = "$(TARGET_NAME)";
				SWIFT_VERSION = 4.0;
				TARGETED_DEVICE_FAMILY = "1,2";
			};
			name = Debug;
		};
		5AB8651A211FF7330044AFFA /* Release */ = {
			isa = XCBuildConfiguration;
			buildSettings = {
				ASSETCATALOG_COMPILER_APPICON_NAME = AppIcon;
				CODE_SIGN_STYLE = Automatic;
				DEVELOPMENT_TEAM = 8MD327JZ9W;
				INFOPLIST_FILE = MachineLearningDemo/Info.plist;
				LD_RUNPATH_SEARCH_PATHS = (
					"$(inherited)",
					"@executable_path/Frameworks",
				);
				PRODUCT_BUNDLE_IDENTIFIER = com.genextstudents.MachineLearningDemo;
				PRODUCT_NAME = "$(TARGET_NAME)";
				SWIFT_VERSION = 4.0;
				TARGETED_DEVICE_FAMILY = "1,2";
			};
			name = Release;
		};
/* End XCBuildConfiguration section */

/* Begin XCConfigurationList section */
		5AB86501211FF7320044AFFA /* Build configuration list for PBXProject "MachineLearningDemo" */ = {
			isa = XCConfigurationList;
			buildConfigurations = (
				5AB86516211FF7330044AFFA /* Debug */,
				5AB86517211FF7330044AFFA /* Release */,
			);
			defaultConfigurationIsVisible = 0;
			defaultConfigurationName = Release;
		};
		5AB86518211FF7330044AFFA /* Build configuration list for PBXNativeTarget "MachineLearningDemo" */ = {
			isa = XCConfigurationList;
			buildConfigurations = (
				5AB86519211FF7330044AFFA /* Debug */,
				5AB8651A211FF7330044AFFA /* Release */,
			);
			defaultConfigurationIsVisible = 0;
			defaultConfigurationName = Release;
		};
/* End XCConfigurationList section */
	};
	rootObject = 5AB864FE211FF7320044AFFA /* Project object */;
}
